
Microsoft Visual Studio Solution File, Format Version 12.00
# Visual Studio 15
VisualStudioVersion = 15.0.27130.2024
MinimumVisualStudioVersion = 10.0.40219.1
Project("{FAE04EC0-301F-11D3-BF4B-00C04F79EFBC}") = "PayrollManagement", "PayrollManagement\PayrollManagement.csproj", "{093C7C05-E4CC-46C7-B8BA-81CBD23D7D5F}"
EndProject
Global
	GlobalSection(SolutionConfigurationPlatforms) = preSolution
		Debug|Any CPU = Debug|Any CPU
		Release|Any CPU = Release|Any CPU
	EndGlobalSection
	GlobalSection(ProjectConfigurationPlatforms) = postSolution
		{093C7C05-E4CC-46C7-B8BA-81CBD23D7D5F}.Debug|Any CPU.ActiveCfg = Debug|Any CPU
		{093C7C05-E4CC-46C7-B8BA-81CBD23D7D5F}.Debug|Any CPU.Build.0 = Debug|Any CPU
		{093C7C05-E4CC-46C7-B8BA-81CBD23D7D5F}.Release|Any CPU.ActiveCfg = Release|Any CPU
		{093C7C05-E4CC-46C7-B8BA-81CBD23D7D5F}.Release|Any CPU.Build.0 = Release|Any CPU
	EndGlobalSection
	GlobalSection(SolutionProperties) = preSolution
		HideSolutionNode = FALSE
	EndGlobalSection
	GlobalSection(ExtensibilityGlobals) = postSolution
		SolutionGuid = {8D9EA8FA-BCC5-43BE-87DE-BFCC3F2C0D81}
	EndGlobalSection
EndGlobal
